
Microsoft Visual Studio Solution File, Format Version 12.00
# Visual Studio 2012
Project("{FAE04EC0-301F-11D3-BF4B-00C04F79EFBC}") = "RgbLed", "RgbLed\RgbLed.csproj", "{B50CAAB6-4FAF-40E5-86FE-BE73DB63E4D6}"
EndProject
Global
	GlobalSection(SolutionConfigurationPlatforms) = preSolution
		Debug|Any CPU = Debug|Any CPU
		Release|Any CPU = Release|Any CPU
	EndGlobalSection
	GlobalSection(ProjectConfigurationPlatforms) = postSolution
		{B50CAAB6-4FAF-40E5-86FE-BE73DB63E4D6}.Debug|Any CPU.ActiveCfg = Debug|Any CPU
		{B50CAAB6-4FAF-40E5-86FE-BE73DB63E4D6}.Debug|Any CPU.Build.0 = Debug|Any CPU
		{B50CAAB6-4FAF-40E5-86FE-BE73DB63E4D6}.Release|Any CPU.ActiveCfg = Release|Any CPU
		{B50CAAB6-4FAF-40E5-86FE-BE73DB63E4D6}.Release|Any CPU.Build.0 = Release|Any CPU
	EndGlobalSection
EndGlobal
